// !$*UTF8*$!
{
	archiveVersion = 1;
	classes = {
	};
	objectVersion = 50;
	objects = {

/* Begin PBXBuildFile section */
		181DDE8420A9E635008CB0BB /* AppDelegate.swift in Sources */ = {isa = PBXBuildFile; fileRef = 181DDE8320A9E635008CB0BB /* AppDelegate.swift */; };
		181DDE8620A9E635008CB0BB /* ViewController.swift in Sources */ = {isa = PBXBuildFile; fileRef = 181DDE8520A9E635008CB0BB /* ViewController.swift */; };
		181DDE8920A9E635008CB0BB /* Main.storyboard in Resources */ = {isa = PBXBuildFile; fileRef = 181DDE8720A9E635008CB0BB /* Main.storyboard */; };
		181DDE8B20A9E636008CB0BB /* Assets.xcassets in Resources */ = {isa = PBXBuildFile; fileRef = 181DDE8A20A9E636008CB0BB /* Assets.xcassets */; };
		181DDE8E20A9E636008CB0BB /* LaunchScreen.storyboard in Resources */ = {isa = PBXBuildFile; fileRef = 181DDE8C20A9E636008CB0BB /* LaunchScreen.storyboard */; };
		18CCF2D520AA74FD0083DBCF /* SpinnerCell.swift in Sources */ = {isa = PBXBuildFile; fileRef = 18CCF2C920AA74FD0083DBCF /* SpinnerCell.swift */; };
		18CCF2D620AA74FD0083DBCF /* CenterLabelCell.swift in Sources */ = {isa = PBXBuildFile; fileRef = 18CCF2CA20AA74FD0083DBCF /* CenterLabelCell.swift */; };
		18CCF2D720AA74FD0083DBCF /* LabelCell.swift in Sources */ = {isa = PBXBuildFile; fileRef = 18CCF2CB20AA74FD0083DBCF /* LabelCell.swift */; };
		18CCF2D820AA74FD0083DBCF /* GridCell.swift in Sources */ = {isa = PBXBuildFile; fileRef = 18CCF2CC20AA74FD0083DBCF /* GridCell.swift */; };
		18CCF2D920AA74FD0083DBCF /* ImageCell.swift in Sources */ = {isa = PBXBuildFile; fileRef = 18CCF2CD20AA74FD0083DBCF /* ImageCell.swift */; };
		18CCF2DA20AA74FD0083DBCF /* GridItem.swift in Sources */ = {isa = PBXBuildFile; fileRef = 18CCF2CF20AA74FD0083DBCF /* GridItem.swift */; };
		18CCF2DB20AA74FD0083DBCF /* TextItem.swift in Sources */ = {isa = PBXBuildFile; fileRef = 18CCF2D020AA74FD0083DBCF /* TextItem.swift */; };
		18CCF2DC20AA74FD0083DBCF /* HomeAPI.swift in Sources */ = {isa = PBXBuildFile; fileRef = 18CCF2D220AA74FD0083DBCF /* HomeAPI.swift */; };
		18CCF2DD20AA74FD0083DBCF /* DetailViewController.swift in Sources */ = {isa = PBXBuildFile; fileRef = 18CCF2D320AA74FD0083DBCF /* DetailViewController.swift */; };
		18CCF2DE20AA74FD0083DBCF /* DemoViewController.swift in Sources */ = {isa = PBXBuildFile; fileRef = 18CCF2D420AA74FD0083DBCF /* DemoViewController.swift */; };
		18CCF35E20AA9B2F0083DBCF /* HorizontalSectionController.swift in Sources */ = {isa = PBXBuildFile; fileRef = 18CCF35720AA9B2F0083DBCF /* HorizontalSectionController.swift */; };
		18CCF35F20AA9B2F0083DBCF /* DisplaySectionController.swift in Sources */ = {isa = PBXBuildFile; fileRef = 18CCF35820AA9B2F0083DBCF /* DisplaySectionController.swift */; };
		18CCF36020AA9B2F0083DBCF /* LabelSectionController.swift in Sources */ = {isa = PBXBuildFile; fileRef = 18CCF35920AA9B2F0083DBCF /* LabelSectionController.swift */; };
		18CCF36120AA9B2F0083DBCF /* ImageSectionController.swift in Sources */ = {isa = PBXBuildFile; fileRef = 18CCF35A20AA9B2F0083DBCF /* ImageSectionController.swift */; };
		18CCF36220AA9B2F0083DBCF /* GridSectionController.swift in Sources */ = {isa = PBXBuildFile; fileRef = 18CCF35B20AA9B2F0083DBCF /* GridSectionController.swift */; };
		18CCF36320AA9B2F0083DBCF /* EmbeddedCollectionViewCell.swift in Sources */ = {isa = PBXBuildFile; fileRef = 18CCF35C20AA9B2F0083DBCF /* EmbeddedCollectionViewCell.swift */; };
/* End PBXBuildFile section */

/* Begin PBXFileReference section */
		181DDE8020A9E635008CB0BB /* ComplicatedViewController_Demo.app */ = {isa = PBXFileReference; explicitFileType = wrapper.application; includeInIndex = 0; path = ComplicatedViewController_Demo.app; sourceTree = BUILT_PRODUCTS_DIR; };
		181DDE8320A9E635008CB0BB /* AppDelegate.swift */ = {isa = PBXFileReference; lastKnownFileType = sourcecode.swift; path = AppDelegate.swift; sourceTree = "<group>"; };
		181DDE8520A9E635008CB0BB /* ViewController.swift */ = {isa = PBXFileReference; lastKnownFileType = sourcecode.swift; path = ViewController.swift; sourceTree = "<group>"; };
		181DDE8820A9E635008CB0BB /* Base */ = {isa = PBXFileReference; lastKnownFileType = file.storyboard; name = Base; path = Base.lproj/Main.storyboard; sourceTree = "<group>"; };
		181DDE8A20A9E636008CB0BB /* Assets.xcassets */ = {isa = PBXFileReference; lastKnownFileType = folder.assetcatalog; path = Assets.xcassets; sourceTree = "<group>"; };
		181DDE8D20A9E636008CB0BB /* Base */ = {isa = PBXFileReference; lastKnownFileType = file.storyboard; name = Base; path = Base.lproj/LaunchScreen.storyboard; sourceTree = "<group>"; };
		181DDE8F20A9E636008CB0BB /* Info.plist */ = {isa = PBXFileReference; lastKnownFileType = text.plist.xml; path = Info.plist; sourceTree = "<group>"; };
		18CCF2C920AA74FD0083DBCF /* SpinnerCell.swift */ = {isa = PBXFileReference; fileEncoding = 4; lastKnownFileType = sourcecode.swift; path = SpinnerCell.swift; sourceTree = "<group>"; };
		18CCF2CA20AA74FD0083DBCF /* CenterLabelCell.swift */ = {isa = PBXFileReference; fileEncoding = 4; lastKnownFileType = sourcecode.swift; path = CenterLabelCell.swift; sourceTree = "<group>"; };
		18CCF2CB20AA74FD0083DBCF /* LabelCell.swift */ = {isa = PBXFileReference; fileEncoding = 4; lastKnownFileType = sourcecode.swift; path = LabelCell.swift; sourceTree = "<group>"; };
		18CCF2CC20AA74FD0083DBCF /* GridCell.swift */ = {isa = PBXFileReference; fileEncoding = 4; lastKnownFileType = sourcecode.swift; path = GridCell.swift; sourceTree = "<group>"; };
		18CCF2CD20AA74FD0083DBCF /* ImageCell.swift */ = {isa = PBXFileReference; fileEncoding = 4; lastKnownFileType = sourcecode.swift; path = ImageCell.swift; sourceTree = "<group>"; };
		18CCF2CF20AA74FD0083DBCF /* GridItem.swift */ = {isa = PBXFileReference; fileEncoding = 4; lastKnownFileType = sourcecode.swift; path = GridItem.swift; sourceTree = "<group>"; };
		18CCF2D020AA74FD0083DBCF /* TextItem.swift */ = {isa = PBXFileReference; fileEncoding = 4; lastKnownFileType = sourcecode.swift; path = TextItem.swift; sourceTree = "<group>"; };
		18CCF2D220AA74FD0083DBCF /* HomeAPI.swift */ = {isa = PBXFileReference; fileEncoding = 4; lastKnownFileType = sourcecode.swift; path = HomeAPI.swift; sourceTree = "<group>"; };
		18CCF2D320AA74FD0083DBCF /* DetailViewController.swift */ = {isa = PBXFileReference; fileEncoding = 4; lastKnownFileType = sourcecode.swift; path = DetailViewController.swift; sourceTree = "<group>"; };
		18CCF2D420AA74FD0083DBCF /* DemoViewController.swift */ = {isa = PBXFileReference; fileEncoding = 4; lastKnownFileType = sourcecode.swift; path = DemoViewController.swift; sourceTree = "<group>"; };
		18CCF35720AA9B2F0083DBCF /* HorizontalSectionController.swift */ = {isa = PBXFileReference; fileEncoding = 4; lastKnownFileType = sourcecode.swift; path = HorizontalSectionController.swift; sourceTree = "<group>"; };
		18CCF35820AA9B2F0083DBCF /* DisplaySectionController.swift */ = {isa = PBXFileReference; fileEncoding = 4; lastKnownFileType = sourcecode.swift; path = DisplaySectionController.swift; sourceTree = "<group>"; };
		18CCF35920AA9B2F0083DBCF /* LabelSectionController.swift */ = {isa = PBXFileReference; fileEncoding = 4; lastKnownFileType = sourcecode.swift; path = LabelSectionController.swift; sourceTree = "<group>"; };
		18CCF35A20AA9B2F0083DBCF /* ImageSectionController.swift */ = {isa = PBXFileReference; fileEncoding = 4; lastKnownFileType = sourcecode.swift; path = ImageSectionController.swift; sourceTree = "<group>"; };
		18CCF35B20AA9B2F0083DBCF /* GridSectionController.swift */ = {isa = PBXFileReference; fileEncoding = 4; lastKnownFileType = sourcecode.swift; path = GridSectionController.swift; sourceTree = "<group>"; };
		18CCF35C20AA9B2F0083DBCF /* EmbeddedCollectionViewCell.swift */ = {isa = PBXFileReference; fileEncoding = 4; lastKnownFileType = sourcecode.swift; path = EmbeddedCollectionViewCell.swift; sourceTree = "<group>"; };
/* End PBXFileReference section */

/* Begin PBXFrameworksBuildPhase section */
		181DDE7D20A9E635008CB0BB /* Frameworks */ = {
			isa = PBXFrameworksBuildPhase;
			buildActionMask = 2147483647;
			files = (
			);
			runOnlyForDeploymentPostprocessing = 0;
		};
/* End PBXFrameworksBuildPhase section */

/* Begin PBXGroup section */
		181DDE7720A9E635008CB0BB = {
			isa = PBXGroup;
			children = (
				181DDE8220A9E635008CB0BB /* ComplicatedViewController_Demo */,
				181DDE8120A9E635008CB0BB /* Products */,
			);
			sourceTree = "<group>";
		};
		181DDE8120A9E635008CB0BB /* Products */ = {
			isa = PBXGroup;
			children = (
				181DDE8020A9E635008CB0BB /* ComplicatedViewController_Demo.app */,
			);
			name = Products;
			sourceTree = "<group>";
		};
		181DDE8220A9E635008CB0BB /* ComplicatedViewController_Demo */ = {
			isa = PBXGroup;
			children = (
				18CCF35520AA9B2F0083DBCF /* SectionControllers */,
				18CCF2D120AA74FD0083DBCF /* API */,
				18CCF2C820AA74FD0083DBCF /* Cells */,
				18CCF2D420AA74FD0083DBCF /* DemoViewController.swift */,
				18CCF2D320AA74FD0083DBCF /* DetailViewController.swift */,
				18CCF2CE20AA74FD0083DBCF /* Model */,
				181DDE8320A9E635008CB0BB /* AppDelegate.swift */,
				181DDE8520A9E635008CB0BB /* ViewController.swift */,
				181DDE8720A9E635008CB0BB /* Main.storyboard */,
				181DDE8A20A9E636008CB0BB /* Assets.xcassets */,
				181DDE8C20A9E636008CB0BB /* LaunchScreen.storyboard */,
				181DDE8F20A9E636008CB0BB /* Info.plist */,
			);
			path = ComplicatedViewController_Demo;
			sourceTree = "<group>";
		};
		18CCF2C820AA74FD0083DBCF /* Cells */ = {
			isa = PBXGroup;
			children = (
				18CCF2C920AA74FD0083DBCF /* SpinnerCell.swift */,
				18CCF2CA20AA74FD0083DBCF /* CenterLabelCell.swift */,
				18CCF2CB20AA74FD0083DBCF /* LabelCell.swift */,
				18CCF2CC20AA74FD0083DBCF /* GridCell.swift */,
				18CCF2CD20AA74FD0083DBCF /* ImageCell.swift */,
			);
			path = Cells;
			sourceTree = "<group>";
		};
		18CCF2CE20AA74FD0083DBCF /* Model */ = {
			isa = PBXGroup;
			children = (
				18CCF2CF20AA74FD0083DBCF /* GridItem.swift */,
				18CCF2D020AA74FD0083DBCF /* TextItem.swift */,
			);
			path = Model;
			sourceTree = "<group>";
		};
		18CCF2D120AA74FD0083DBCF /* API */ = {
			isa = PBXGroup;
			children = (
				18CCF2D220AA74FD0083DBCF /* HomeAPI.swift */,
			);
			path = API;
			sourceTree = "<group>";
		};
		18CCF35520AA9B2F0083DBCF /* SectionControllers */ = {
			isa = PBXGroup;
			children = (
				18CCF35720AA9B2F0083DBCF /* HorizontalSectionController.swift */,
				18CCF35820AA9B2F0083DBCF /* DisplaySectionController.swift */,
				18CCF35920AA9B2F0083DBCF /* LabelSectionController.swift */,
				18CCF35A20AA9B2F0083DBCF /* ImageSectionController.swift */,
				18CCF35B20AA9B2F0083DBCF /* GridSectionController.swift */,
				18CCF35C20AA9B2F0083DBCF /* EmbeddedCollectionViewCell.swift */,
			);
			path = SectionControllers;
			sourceTree = "<group>";
		};
/* End PBXGroup section */

/* Begin PBXNativeTarget section */
		181DDE7F20A9E635008CB0BB /* ComplicatedViewController_Demo */ = {
			isa = PBXNativeTarget;
			buildConfigurationList = 181DDE9220A9E636008CB0BB /* Build configuration list for PBXNativeTarget "ComplicatedViewController_Demo" */;
			buildPhases = (
				181DDE7C20A9E635008CB0BB /* Sources */,
				181DDE7D20A9E635008CB0BB /* Frameworks */,
				181DDE7E20A9E635008CB0BB /* Resources */,
			);
			buildRules = (
			);
			dependencies = (
			);
			name = ComplicatedViewController_Demo;
			productName = ComplicatedViewController_Demo;
			productReference = 181DDE8020A9E635008CB0BB /* ComplicatedViewController_Demo.app */;
			productType = "com.apple.product-type.application";
		};
/* End PBXNativeTarget section */

/* Begin PBXProject section */
		181DDE7820A9E635008CB0BB /* Project object */ = {
			isa = PBXProject;
			attributes = {
				LastSwiftUpdateCheck = 0930;
				LastUpgradeCheck = 0930;
				ORGANIZATIONNAME = apple;
				TargetAttributes = {
					181DDE7F20A9E635008CB0BB = {
						CreatedOnToolsVersion = 9.3.1;
					};
				};
			};
			buildConfigurationList = 181DDE7B20A9E635008CB0BB /* Build configuration list for PBXProject "ComplicatedViewController_Demo" */;
			compatibilityVersion = "Xcode 9.3";
			developmentRegion = en;
			hasScannedForEncodings = 0;
			knownRegions = (
				en,
				Base,
			);
			mainGroup = 181DDE7720A9E635008CB0BB;
			productRefGroup = 181DDE8120A9E635008CB0BB /* Products */;
			projectDirPath = "";
			projectRoot = "";
			targets = (
				181DDE7F20A9E635008CB0BB /* ComplicatedViewController_Demo */,
			);
		};
/* End PBXProject section */

/* Begin PBXResourcesBuildPhase section */
		181DDE7E20A9E635008CB0BB /* Resources */ = {
			isa = PBXResourcesBuildPhase;
			buildActionMask = 2147483647;
			files = (
				181DDE8E20A9E636008CB0BB /* LaunchScreen.storyboard in Resources */,
				181DDE8B20A9E636008CB0BB /* Assets.xcassets in Resources */,
				181DDE8920A9E635008CB0BB /* Main.storyboard in Resources */,
			);
			runOnlyForDeploymentPostprocessing = 0;
		};
/* End PBXResourcesBuildPhase section */

/* Begin PBXSourcesBuildPhase section */
		181DDE7C20A9E635008CB0BB /* Sources */ = {
			isa = PBXSourcesBuildPhase;
			buildActionMask = 2147483647;
			files = (
				18CCF36020AA9B2F0083DBCF /* LabelSectionController.swift in Sources */,
				18CCF2DD20AA74FD0083DBCF /* DetailViewController.swift in Sources */,
				18CCF36220AA9B2F0083DBCF /* GridSectionController.swift in Sources */,
				18CCF2D520AA74FD0083DBCF /* SpinnerCell.swift in Sources */,
				18CCF2DB20AA74FD0083DBCF /* TextItem.swift in Sources */,
				18CCF35F20AA9B2F0083DBCF /* DisplaySectionController.swift in Sources */,
				18CCF2DE20AA74FD0083DBCF /* DemoViewController.swift in Sources */,
				18CCF36320AA9B2F0083DBCF /* EmbeddedCollectionViewCell.swift in Sources */,
				18CCF36120AA9B2F0083DBCF /* ImageSectionController.swift in Sources */,
				18CCF2D620AA74FD0083DBCF /* CenterLabelCell.swift in Sources */,
				181DDE8620A9E635008CB0BB /* ViewController.swift in Sources */,
				18CCF2D720AA74FD0083DBCF /* LabelCell.swift in Sources */,
				181DDE8420A9E635008CB0BB /* AppDelegate.swift in Sources */,
				18CCF2D920AA74FD0083DBCF /* ImageCell.swift in Sources */,
				18CCF2DC20AA74FD0083DBCF /* HomeAPI.swift in Sources */,
				18CCF2DA20AA74FD0083DBCF /* GridItem.swift in Sources */,
				18CCF2D820AA74FD0083DBCF /* GridCell.swift in Sources */,
				18CCF35E20AA9B2F0083DBCF /* HorizontalSectionController.swift in Sources */,
			);
			runOnlyForDeploymentPostprocessing = 0;
		};
/* End PBXSourcesBuildPhase section */

/* Begin PBXVariantGroup section */
		181DDE8720A9E635008CB0BB /* Main.storyboard */ = {
			isa = PBXVariantGroup;
			children = (
				181DDE8820A9E635008CB0BB /* Base */,
			);
			name = Main.storyboard;
			sourceTree = "<group>";
		};
		181DDE8C20A9E636008CB0BB /* LaunchScreen.storyboard */ = {
			isa = PBXVariantGroup;
			children = (
				181DDE8D20A9E636008CB0BB /* Base */,
			);
			name = LaunchScreen.storyboard;
			sourceTree = "<group>";
		};
/* End PBXVariantGroup section */

/* Begin XCBuildConfiguration section */
		181DDE9020A9E636008CB0BB /* Debug */ = {
			isa = XCBuildConfiguration;
			buildSettings = {
				ALWAYS_SEARCH_USER_PATHS = NO;
				CLANG_ANALYZER_NONNULL = YES;
				CLANG_ANALYZER_NUMBER_OBJECT_CONVERSION = YES_AGGRESSIVE;
				CLANG_CXX_LANGUAGE_STANDARD = "gnu++14";
				CLANG_CXX_LIBRARY = "libc++";
				CLANG_ENABLE_MODULES = YES;
				CLANG_ENABLE_OBJC_ARC = YES;
				CLANG_ENABLE_OBJC_WEAK = YES;
				CLANG_WARN_BLOCK_CAPTURE_AUTORELEASING = YES;
				CLANG_WARN_BOOL_CONVERSION = YES;
				CLANG_WARN_COMMA = YES;
				CLANG_WARN_CONSTANT_CONVERSION = YES;
				CLANG_WARN_DEPRECATED_OBJC_IMPLEMENTATIONS = YES;
				CLANG_WARN_DIRECT_OBJC_ISA_USAGE = YES_ERROR;
				CLANG_WARN_DOCUMENTATION_COMMENTS = YES;
				CLANG_WARN_EMPTY_BODY = YES;
				CLANG_WARN_ENUM_CONVERSION = YES;
				CLANG_WARN_INFINITE_RECURSION = YES;
				CLANG_WARN_INT_CONVERSION = YES;
				CLANG_WARN_NON_LITERAL_NULL_CONVERSION = YES;
				CLANG_WARN_OBJC_IMPLICIT_RETAIN_SELF = YES;
				CLANG_WARN_OBJC_LITERAL_CONVERSION = YES;
				CLANG_WARN_OBJC_ROOT_CLASS = YES_ERROR;
				CLANG_WARN_RANGE_LOOP_ANALYSIS = YES;
				CLANG_WARN_STRICT_PROTOTYPES = YES;
				CLANG_WARN_SUSPICIOUS_MOVE = YES;
				CLANG_WARN_UNGUARDED_AVAILABILITY = YES_AGGRESSIVE;
				CLANG_WARN_UNREACHABLE_CODE = YES;
				CLANG_WARN__DUPLICATE_METHOD_MATCH = YES;
				CODE_SIGN_IDENTITY = "iPhone Developer";
				COPY_PHASE_STRIP = NO;
				DEBUG_INFORMATION_FORMAT = dwarf;
				ENABLE_STRICT_OBJC_MSGSEND = YES;
				ENABLE_TESTABILITY = YES;
				GCC_C_LANGUAGE_STANDARD = gnu11;
				GCC_DYNAMIC_NO_PIC = NO;
				GCC_NO_COMMON_BLOCKS = YES;
				GCC_OPTIMIZATION_LEVEL = 0;
				GCC_PREPROCESSOR_DEFINITIONS = (
					"DEBUG=1",
					"$(inherited)",
				);
				GCC_WARN_64_TO_32_BIT_CONVERSION = YES;
				GCC_WARN_ABOUT_RETURN_TYPE = YES_ERROR;
				GCC_WARN_UNDECLARED_SELECTOR = YES;
				GCC_WARN_UNINITIALIZED_AUTOS = YES_AGGRESSIVE;
				GCC_WARN_UNUSED_FUNCTION = YES;
				GCC_WARN_UNUSED_VARIABLE = YES;
				IPHONEOS_DEPLOYMENT_TARGET = 11.3;
				MTL_ENABLE_DEBUG_INFO = YES;
				ONLY_ACTIVE_ARCH = YES;
				SDKROOT = iphoneos;
				SWIFT_ACTIVE_COMPILATION_CONDITIONS = DEBUG;
				SWIFT_OPTIMIZATION_LEVEL = "-Onone";
			};
			name = Debug;
		};
		181DDE9120A9E636008CB0BB /* Release */ = {
			isa = XCBuildConfiguration;
			buildSettings = {
				ALWAYS_SEARCH_USER_PATHS = NO;
				CLANG_ANALYZER_NONNULL = YES;
				CLANG_ANALYZER_NUMBER_OBJECT_CONVERSION = YES_AGGRESSIVE;
				CLANG_CXX_LANGUAGE_STANDARD = "gnu++14";
				CLANG_CXX_LIBRARY = "libc++";
				CLANG_ENABLE_MODULES = YES;
				CLANG_ENABLE_OBJC_ARC = YES;
				CLANG_ENABLE_OBJC_WEAK = YES;
				CLANG_WARN_BLOCK_CAPTURE_AUTORELEASING = YES;
				CLANG_WARN_BOOL_CONVERSION = YES;
				CLANG_WARN_COMMA = YES;
				CLANG_WARN_CONSTANT_CONVERSION = YES;
				CLANG_WARN_DEPRECATED_OBJC_IMPLEMENTATIONS = YES;
				CLANG_WARN_DIRECT_OBJC_ISA_USAGE = YES_ERROR;
				CLANG_WARN_DOCUMENTATION_COMMENTS = YES;
				CLANG_WARN_EMPTY_BODY = YES;
				CLANG_WARN_ENUM_CONVERSION = YES;
				CLANG_WARN_INFINITE_RECURSION = YES;
				CLANG_WARN_INT_CONVERSION = YES;
				CLANG_WARN_NON_LITERAL_NULL_CONVERSION = YES;
				CLANG_WARN_OBJC_IMPLICIT_RETAIN_SELF = YES;
				CLANG_WARN_OBJC_LITERAL_CONVERSION = YES;
				CLANG_WARN_OBJC_ROOT_CLASS = YES_ERROR;
				CLANG_WARN_RANGE_LOOP_ANALYSIS = YES;
				CLANG_WARN_STRICT_PROTOTYPES = YES;
				CLANG_WARN_SUSPICIOUS_MOVE = YES;
				CLANG_WARN_UNGUARDED_AVAILABILITY = YES_AGGRESSIVE;
				CLANG_WARN_UNREACHABLE_CODE = YES;
				CLANG_WARN__DUPLICATE_METHOD_MATCH = YES;
				CODE_SIGN_IDENTITY = "iPhone Developer";
				COPY_PHASE_STRIP = NO;
				DEBUG_INFORMATION_FORMAT = "dwarf-with-dsym";
				ENABLE_NS_ASSERTIONS = NO;
				ENABLE_STRICT_OBJC_MSGSEND = YES;
				GCC_C_LANGUAGE_STANDARD = gnu11;
				GCC_NO_COMMON_BLOCKS = YES;
				GCC_WARN_64_TO_32_BIT_CONVERSION = YES;
				GCC_WARN_ABOUT_RETURN_TYPE = YES_ERROR;
				GCC_WARN_UNDECLARED_SELECTOR = YES;
				GCC_WARN_UNINITIALIZED_AUTOS = YES_AGGRESSIVE;
				GCC_WARN_UNUSED_FUNCTION = YES;
				GCC_WARN_UNUSED_VARIABLE = YES;
				IPHONEOS_DEPLOYMENT_TARGET = 11.3;
				MTL_ENABLE_DEBUG_INFO = NO;
				SDKROOT = iphoneos;
				SWIFT_COMPILATION_MODE = wholemodule;
				SWIFT_OPTIMIZATION_LEVEL = "-O";
				VALIDATE_PRODUCT = YES;
			};
			name = Release;
		};
		181DDE9320A9E636008CB0BB /* Debug */ = {
			isa = XCBuildConfiguration;
			buildSettings = {
				ASSETCATALOG_COMPILER_APPICON_NAME = AppIcon;
				CODE_SIGN_STYLE = Manual;
				DEVELOPMENT_TEAM = 685DPV4URE;
				INFOPLIST_FILE = ComplicatedViewController_Demo/Info.plist;
				LD_RUNPATH_SEARCH_PATHS = (
					"$(inherited)",
					"@executable_path/Frameworks",
				);
				PRODUCT_BUNDLE_IDENTIFIER = "com.yilia.ComplicatedViewController-Demo";
				PRODUCT_NAME = "$(TARGET_NAME)";
				PROVISIONING_PROFILE = "e85e1409-c7af-499c-9c9f-fb81b8f7edb1";
				PROVISIONING_PROFILE_SPECIFIER = all_dev;
				SWIFT_VERSION = 4.0;
				TARGETED_DEVICE_FAMILY = "1,2";
			};
			name = Debug;
		};
		181DDE9420A9E636008CB0BB /* Release */ = {
			isa = XCBuildConfiguration;
			buildSettings = {
				ASSETCATALOG_COMPILER_APPICON_NAME = AppIcon;
				CODE_SIGN_STYLE = Manual;
				DEVELOPMENT_TEAM = "";
				INFOPLIST_FILE = ComplicatedViewController_Demo/Info.plist;
				LD_RUNPATH_SEARCH_PATHS = (
					"$(inherited)",
					"@executable_path/Frameworks",
				);
				PRODUCT_BUNDLE_IDENTIFIER = "com.yilia.ComplicatedViewController-Demo";
				PRODUCT_NAME = "$(TARGET_NAME)";
				PROVISIONING_PROFILE_SPECIFIER = "";
				SWIFT_VERSION = 4.0;
				TARGETED_DEVICE_FAMILY = "1,2";
			};
			name = Release;
		};
/* End XCBuildConfiguration section */

/* Begin XCConfigurationList section */
		181DDE7B20A9E635008CB0BB /* Build configuration list for PBXProject "ComplicatedViewController_Demo" */ = {
			isa = XCConfigurationList;
			buildConfigurations = (
				181DDE9020A9E636008CB0BB /* Debug */,
				181DDE9120A9E636008CB0BB /* Release */,
			);
			defaultConfigurationIsVisible = 0;
			defaultConfigurationName = Release;
		};
		181DDE9220A9E636008CB0BB /* Build configuration list for PBXNativeTarget "ComplicatedViewController_Demo" */ = {
			isa = XCConfigurationList;
			buildConfigurations = (
				181DDE9320A9E636008CB0BB /* Debug */,
				181DDE9420A9E636008CB0BB /* Release */,
			);
			defaultConfigurationIsVisible = 0;
			defaultConfigurationName = Release;
		};
/* End XCConfigurationList section */
	};
	rootObject = 181DDE7820A9E635008CB0BB /* Project object */;
}
